
Microsoft Visual Studio Solution File, Format Version 12.00
# Visual Studio Version 16
VisualStudioVersion = 16.0.30907.101
MinimumVisualStudioVersion = 10.0.40219.1
Project("{FAE04EC0-301F-11D3-BF4B-00C04F79EFBC}") = "DataAccess", "DataAccess\DataAccess.csproj", "{F2C637E9-D953-459E-B440-4143E3536932}"
EndProject
Project("{FAE04EC0-301F-11D3-BF4B-00C04F79EFBC}") = "Business", "Business\Business.csproj", "{D5696796-1AE1-4CA1-8CE8-AC11F7B75840}"
EndProject
Project("{FAE04EC0-301F-11D3-BF4B-00C04F79EFBC}") = "Entities", "Entities\Entities.csproj", "{6627EFD5-6478-4607-B45B-0D6A35B90730}"
EndProject
Project("{FAE04EC0-301F-11D3-BF4B-00C04F79EFBC}") = "ConsoleUI", "ConsoleUI\ConsoleUI.csproj", "{DD7EA47C-4545-4048-B51B-DD75DD08393F}"
EndProject
Global
	GlobalSection(SolutionConfigurationPlatforms) = preSolution
		Debug|Any CPU = Debug|Any CPU
		Release|Any CPU = Release|Any CPU
	EndGlobalSection
	GlobalSection(ProjectConfigurationPlatforms) = postSolution
		{F2C637E9-D953-459E-B440-4143E3536932}.Debug|Any CPU.ActiveCfg = Debug|Any CPU
		{F2C637E9-D953-459E-B440-4143E3536932}.Debug|Any CPU.Build.0 = Debug|Any CPU
		{F2C637E9-D953-459E-B440-4143E3536932}.Release|Any CPU.ActiveCfg = Release|Any CPU
		{F2C637E9-D953-459E-B440-4143E3536932}.Release|Any CPU.Build.0 = Release|Any CPU
		{D5696796-1AE1-4CA1-8CE8-AC11F7B75840}.Debug|Any CPU.ActiveCfg = Debug|Any CPU
		{D5696796-1AE1-4CA1-8CE8-AC11F7B75840}.Debug|Any CPU.Build.0 = Debug|Any CPU
		{D5696796-1AE1-4CA1-8CE8-AC11F7B75840}.Release|Any CPU.ActiveCfg = Release|Any CPU
		{D5696796-1AE1-4CA1-8CE8-AC11F7B75840}.Release|Any CPU.Build.0 = Release|Any CPU
		{6627EFD5-6478-4607-B45B-0D6A35B90730}.Debug|Any CPU.ActiveCfg = Debug|Any CPU
		{6627EFD5-6478-4607-B45B-0D6A35B90730}.Debug|Any CPU.Build.0 = Debug|Any CPU
		{6627EFD5-6478-4607-B45B-0D6A35B90730}.Release|Any CPU.ActiveCfg = Release|Any CPU
		{6627EFD5-6478-4607-B45B-0D6A35B90730}.Release|Any CPU.Build.0 = Release|Any CPU
		{DD7EA47C-4545-4048-B51B-DD75DD08393F}.Debug|Any CPU.ActiveCfg = Debug|Any CPU
		{DD7EA47C-4545-4048-B51B-DD75DD08393F}.Debug|Any CPU.Build.0 = Debug|Any CPU
		{DD7EA47C-4545-4048-B51B-DD75DD08393F}.Release|Any CPU.ActiveCfg = Release|Any CPU
		{DD7EA47C-4545-4048-B51B-DD75DD08393F}.Release|Any CPU.Build.0 = Release|Any CPU
	EndGlobalSection
	GlobalSection(SolutionProperties) = preSolution
		HideSolutionNode = FALSE
	EndGlobalSection
	GlobalSection(ExtensibilityGlobals) = postSolution
		SolutionGuid = {22332068-36DE-4CB1-9307-4607F7A6CC3C}
	EndGlobalSection
EndGlobal
